
Microsoft Visual Studio Solution File, Format Version 12.00
# Visual Studio Version 17
VisualStudioVersion = 17.8.34408.163
MinimumVisualStudioVersion = 10.0.40219.1
Project("{9A19103F-16F7-4668-BE54-9A1E7A4F7556}") = "Distribuidora MC DB", "Distribuidora MC DB\Distribuidora MC DB.csproj", "{BCD83403-645F-4FA6-B40B-1B1478A932FE}"
EndProject
Project("{FAE04EC0-301F-11D3-BF4B-00C04F79EFBC}") = "Distribuidora MC_API", "Distribuidora MC_API\Distribuidora MC_API.csproj", "{87AB8823-34D3-4BC0-8119-4D48AD9E55AD}"
EndProject
Global
	GlobalSection(SolutionConfigurationPlatforms) = preSolution
		Debug|Any CPU = Debug|Any CPU
		Release|Any CPU = Release|Any CPU
	EndGlobalSection
	GlobalSection(ProjectConfigurationPlatforms) = postSolution
		{BCD83403-645F-4FA6-B40B-1B1478A932FE}.Debug|Any CPU.ActiveCfg = Debug|Any CPU
		{BCD83403-645F-4FA6-B40B-1B1478A932FE}.Debug|Any CPU.Build.0 = Debug|Any CPU
		{BCD83403-645F-4FA6-B40B-1B1478A932FE}.Release|Any CPU.ActiveCfg = Release|Any CPU
		{BCD83403-645F-4FA6-B40B-1B1478A932FE}.Release|Any CPU.Build.0 = Release|Any CPU
		{87AB8823-34D3-4BC0-8119-4D48AD9E55AD}.Debug|Any CPU.ActiveCfg = Debug|Any CPU
		{87AB8823-34D3-4BC0-8119-4D48AD9E55AD}.Debug|Any CPU.Build.0 = Debug|Any CPU
		{87AB8823-34D3-4BC0-8119-4D48AD9E55AD}.Release|Any CPU.ActiveCfg = Release|Any CPU
		{87AB8823-34D3-4BC0-8119-4D48AD9E55AD}.Release|Any CPU.Build.0 = Release|Any CPU
	EndGlobalSection
	GlobalSection(SolutionProperties) = preSolution
		HideSolutionNode = FALSE
	EndGlobalSection
	GlobalSection(ExtensibilityGlobals) = postSolution
		SolutionGuid = {B098AB0F-4523-4A71-A496-1ED3F8AFD6A9}
	EndGlobalSection
EndGlobal
